// !$*UTF8*$!
{
	archiveVersion = 1;
	classes = {
	};
	objectVersion = 56;
	objects = {

/* Begin PBXBuildFile section */
		2336929C2BFFEF77000BCB54 /* BetterRestApp.swift in Sources */ = {isa = PBXBuildFile; fileRef = 2336929B2BFFEF77000BCB54 /* BetterRestApp.swift */; };
		2336929E2BFFEF77000BCB54 /* ContentView.swift in Sources */ = {isa = PBXBuildFile; fileRef = 2336929D2BFFEF77000BCB54 /* ContentView.swift */; };
		233692A02BFFEF78000BCB54 /* Assets.xcassets in Resources */ = {isa = PBXBuildFile; fileRef = 2336929F2BFFEF78000BCB54 /* Assets.xcassets */; };
		233692A32BFFEF78000BCB54 /* Preview Assets.xcassets in Resources */ = {isa = PBXBuildFile; fileRef = 233692A22BFFEF78000BCB54 /* Preview Assets.xcassets */; };
		233692AD2BFFEF78000BCB54 /* BetterRestTests.swift in Sources */ = {isa = PBXBuildFile; fileRef = 233692AC2BFFEF78000BCB54 /* BetterRestTests.swift */; };
		233692B72BFFEF78000BCB54 /* BetterRestUITests.swift in Sources */ = {isa = PBXBuildFile; fileRef = 233692B62BFFEF78000BCB54 /* BetterRestUITests.swift */; };
		233692B92BFFEF78000BCB54 /* BetterRestUITestsLaunchTests.swift in Sources */ = {isa = PBXBuildFile; fileRef = 233692B82BFFEF78000BCB54 /* BetterRestUITestsLaunchTests.swift */; };
/* End PBXBuildFile section */

/* Begin PBXContainerItemProxy section */
		233692A92BFFEF78000BCB54 /* PBXContainerItemProxy */ = {
			isa = PBXContainerItemProxy;
			containerPortal = 233692902BFFEF77000BCB54 /* Project object */;
			proxyType = 1;
			remoteGlobalIDString = 233692972BFFEF77000BCB54;
			remoteInfo = BetterRest;
		};
		233692B32BFFEF78000BCB54 /* PBXContainerItemProxy */ = {
			isa = PBXContainerItemProxy;
			containerPortal = 233692902BFFEF77000BCB54 /* Project object */;
			proxyType = 1;
			remoteGlobalIDString = 233692972BFFEF77000BCB54;
			remoteInfo = BetterRest;
		};
/* End PBXContainerItemProxy section */

/* Begin PBXFileReference section */
		233692982BFFEF77000BCB54 /* BetterRest.app */ = {isa = PBXFileReference; explicitFileType = wrapper.application; includeInIndex = 0; path = BetterRest.app; sourceTree = BUILT_PRODUCTS_DIR; };
		2336929B2BFFEF77000BCB54 /* BetterRestApp.swift */ = {isa = PBXFileReference; lastKnownFileType = sourcecode.swift; path = BetterRestApp.swift; sourceTree = "<group>"; };
		2336929D2BFFEF77000BCB54 /* ContentView.swift */ = {isa = PBXFileReference; lastKnownFileType = sourcecode.swift; path = ContentView.swift; sourceTree = "<group>"; };
		2336929F2BFFEF78000BCB54 /* Assets.xcassets */ = {isa = PBXFileReference; lastKnownFileType = folder.assetcatalog; path = Assets.xcassets; sourceTree = "<group>"; };
		233692A22BFFEF78000BCB54 /* Preview Assets.xcassets */ = {isa = PBXFileReference; lastKnownFileType = folder.assetcatalog; path = "Preview Assets.xcassets"; sourceTree = "<group>"; };
		233692A82BFFEF78000BCB54 /* BetterRestTests.xctest */ = {isa = PBXFileReference; explicitFileType = wrapper.cfbundle; includeInIndex = 0; path = BetterRestTests.xctest; sourceTree = BUILT_PRODUCTS_DIR; };
		233692AC2BFFEF78000BCB54 /* BetterRestTests.swift */ = {isa = PBXFileReference; lastKnownFileType = sourcecode.swift; path = BetterRestTests.swift; sourceTree = "<group>"; };
		233692B22BFFEF78000BCB54 /* BetterRestUITests.xctest */ = {isa = PBXFileReference; explicitFileType = wrapper.cfbundle; includeInIndex = 0; path = BetterRestUITests.xctest; sourceTree = BUILT_PRODUCTS_DIR; };
		233692B62BFFEF78000BCB54 /* BetterRestUITests.swift */ = {isa = PBXFileReference; lastKnownFileType = sourcecode.swift; path = BetterRestUITests.swift; sourceTree = "<group>"; };
		233692B82BFFEF78000BCB54 /* BetterRestUITestsLaunchTests.swift */ = {isa = PBXFileReference; lastKnownFileType = sourcecode.swift; path = BetterRestUITestsLaunchTests.swift; sourceTree = "<group>"; };
/* End PBXFileReference section */

/* Begin PBXFrameworksBuildPhase section */
		233692952BFFEF77000BCB54 /* Frameworks */ = {
			isa = PBXFrameworksBuildPhase;
			buildActionMask = 2147483647;
			files = (
			);
			runOnlyForDeploymentPostprocessing = 0;
		};
		233692A52BFFEF78000BCB54 /* Frameworks */ = {
			isa = PBXFrameworksBuildPhase;
			buildActionMask = 2147483647;
			files = (
			);
			runOnlyForDeploymentPostprocessing = 0;
		};
		233692AF2BFFEF78000BCB54 /* Frameworks */ = {
			isa = PBXFrameworksBuildPhase;
			buildActionMask = 2147483647;
			files = (
			);
			runOnlyForDeploymentPostprocessing = 0;
		};
/* End PBXFrameworksBuildPhase section */

/* Begin PBXGroup section */
		2336928F2BFFEF77000BCB54 = {
			isa = PBXGroup;
			children = (
				2336929A2BFFEF77000BCB54 /* BetterRest */,
				233692AB2BFFEF78000BCB54 /* BetterRestTests */,
				233692B52BFFEF78000BCB54 /* BetterRestUITests */,
				233692992BFFEF77000BCB54 /* Products */,
			);
			sourceTree = "<group>";
		};
		233692992BFFEF77000BCB54 /* Products */ = {
			isa = PBXGroup;
			children = (
				233692982BFFEF77000BCB54 /* BetterRest.app */,
				233692A82BFFEF78000BCB54 /* BetterRestTests.xctest */,
				233692B22BFFEF78000BCB54 /* BetterRestUITests.xctest */,
			);
			name = Products;
			sourceTree = "<group>";
		};
		2336929A2BFFEF77000BCB54 /* BetterRest */ = {
			isa = PBXGroup;
			children = (
				2336929B2BFFEF77000BCB54 /* BetterRestApp.swift */,
				2336929D2BFFEF77000BCB54 /* ContentView.swift */,
				2336929F2BFFEF78000BCB54 /* Assets.xcassets */,
				233692A12BFFEF78000BCB54 /* Preview Content */,
			);
			path = BetterRest;
			sourceTree = "<group>";
		};
		233692A12BFFEF78000BCB54 /* Preview Content */ = {
			isa = PBXGroup;
			children = (
				233692A22BFFEF78000BCB54 /* Preview Assets.xcassets */,
			);
			path = "Preview Content";
			sourceTree = "<group>";
		};
		233692AB2BFFEF78000BCB54 /* BetterRestTests */ = {
			isa = PBXGroup;
			children = (
				233692AC2BFFEF78000BCB54 /* BetterRestTests.swift */,
			);
			path = BetterRestTests;
			sourceTree = "<group>";
		};
		233692B52BFFEF78000BCB54 /* BetterRestUITests */ = {
			isa = PBXGroup;
			children = (
				233692B62BFFEF78000BCB54 /* BetterRestUITests.swift */,
				233692B82BFFEF78000BCB54 /* BetterRestUITestsLaunchTests.swift */,
			);
			path = BetterRestUITests;
			sourceTree = "<group>";
		};
/* End PBXGroup section */

/* Begin PBXNativeTarget section */
		233692972BFFEF77000BCB54 /* BetterRest */ = {
			isa = PBXNativeTarget;
			buildConfigurationList = 233692BC2BFFEF78000BCB54 /* Build configuration list for PBXNativeTarget "BetterRest" */;
			buildPhases = (
				233692942BFFEF77000BCB54 /* Sources */,
				233692952BFFEF77000BCB54 /* Frameworks */,
				233692962BFFEF77000BCB54 /* Resources */,
			);
			buildRules = (
			);
			dependencies = (
			);
			name = BetterRest;
			productName = BetterRest;
			productReference = 233692982BFFEF77000BCB54 /* BetterRest.app */;
			productType = "com.apple.product-type.application";
		};
		233692A72BFFEF78000BCB54 /* BetterRestTests */ = {
			isa = PBXNativeTarget;
			buildConfigurationList = 233692BF2BFFEF78000BCB54 /* Build configuration list for PBXNativeTarget "BetterRestTests" */;
			buildPhases = (
				233692A42BFFEF78000BCB54 /* Sources */,
				233692A52BFFEF78000BCB54 /* Frameworks */,
				233692A62BFFEF78000BCB54 /* Resources */,
			);
			buildRules = (
			);
			dependencies = (
				233692AA2BFFEF78000BCB54 /* PBXTargetDependency */,
			);
			name = BetterRestTests;
			productName = BetterRestTests;
			productReference = 233692A82BFFEF78000BCB54 /* BetterRestTests.xctest */;
			productType = "com.apple.product-type.bundle.unit-test";
		};
		233692B12BFFEF78000BCB54 /* BetterRestUITests */ = {
			isa = PBXNativeTarget;
			buildConfigurationList = 233692C22BFFEF78000BCB54 /* Build configuration list for PBXNativeTarget "BetterRestUITests" */;
			buildPhases = (
				233692AE2BFFEF78000BCB54 /* Sources */,
				233692AF2BFFEF78000BCB54 /* Frameworks */,
				233692B02BFFEF78000BCB54 /* Resources */,
			);
			buildRules = (
			);
			dependencies = (
				233692B42BFFEF78000BCB54 /* PBXTargetDependency */,
			);
			name = BetterRestUITests;
			productName = BetterRestUITests;
			productReference = 233692B22BFFEF78000BCB54 /* BetterRestUITests.xctest */;
			productType = "com.apple.product-type.bundle.ui-testing";
		};
/* End PBXNativeTarget section */

/* Begin PBXProject section */
		233692902BFFEF77000BCB54 /* Project object */ = {
			isa = PBXProject;
			attributes = {
				BuildIndependentTargetsInParallel = 1;
				LastSwiftUpdateCheck = 1500;
				LastUpgradeCheck = 1500;
				TargetAttributes = {
					233692972BFFEF77000BCB54 = {
						CreatedOnToolsVersion = 15.0.1;
					};
					233692A72BFFEF78000BCB54 = {
						CreatedOnToolsVersion = 15.0.1;
						TestTargetID = 233692972BFFEF77000BCB54;
					};
					233692B12BFFEF78000BCB54 = {
						CreatedOnToolsVersion = 15.0.1;
						TestTargetID = 233692972BFFEF77000BCB54;
					};
				};
			};
			buildConfigurationList = 233692932BFFEF77000BCB54 /* Build configuration list for PBXProject "BetterRest" */;
			compatibilityVersion = "Xcode 14.0";
			developmentRegion = en;
			hasScannedForEncodings = 0;
			knownRegions = (
				en,
				Base,
			);
			mainGroup = 2336928F2BFFEF77000BCB54;
			productRefGroup = 233692992BFFEF77000BCB54 /* Products */;
			projectDirPath = "";
			projectRoot = "";
			targets = (
				233692972BFFEF77000BCB54 /* BetterRest */,
				233692A72BFFEF78000BCB54 /* BetterRestTests */,
				233692B12BFFEF78000BCB54 /* BetterRestUITests */,
			);
		};
/* End PBXProject section */

/* Begin PBXResourcesBuildPhase section */
		233692962BFFEF77000BCB54 /* Resources */ = {
			isa = PBXResourcesBuildPhase;
			buildActionMask = 2147483647;
			files = (
				233692A32BFFEF78000BCB54 /* Preview Assets.xcassets in Resources */,
				233692A02BFFEF78000BCB54 /* Assets.xcassets in Resources */,
			);
			runOnlyForDeploymentPostprocessing = 0;
		};
		233692A62BFFEF78000BCB54 /* Resources */ = {
			isa = PBXResourcesBuildPhase;
			buildActionMask = 2147483647;
			files = (
			);
			runOnlyForDeploymentPostprocessing = 0;
		};
		233692B02BFFEF78000BCB54 /* Resources */ = {
			isa = PBXResourcesBuildPhase;
			buildActionMask = 2147483647;
			files = (
			);
			runOnlyForDeploymentPostprocessing = 0;
		};
/* End PBXResourcesBuildPhase section */

/* Begin PBXSourcesBuildPhase section */
		233692942BFFEF77000BCB54 /* Sources */ = {
			isa = PBXSourcesBuildPhase;
			buildActionMask = 2147483647;
			files = (
				2336929E2BFFEF77000BCB54 /* ContentView.swift in Sources */,
				2336929C2BFFEF77000BCB54 /* BetterRestApp.swift in Sources */,
			);
			runOnlyForDeploymentPostprocessing = 0;
		};
		233692A42BFFEF78000BCB54 /* Sources */ = {
			isa = PBXSourcesBuildPhase;
			buildActionMask = 2147483647;
			files = (
				233692AD2BFFEF78000BCB54 /* BetterRestTests.swift in Sources */,
			);
			runOnlyForDeploymentPostprocessing = 0;
		};
		233692AE2BFFEF78000BCB54 /* Sources */ = {
			isa = PBXSourcesBuildPhase;
			buildActionMask = 2147483647;
			files = (
				233692B92BFFEF78000BCB54 /* BetterRestUITestsLaunchTests.swift in Sources */,
				233692B72BFFEF78000BCB54 /* BetterRestUITests.swift in Sources */,
			);
			runOnlyForDeploymentPostprocessing = 0;
		};
/* End PBXSourcesBuildPhase section */

/* Begin PBXTargetDependency section */
		233692AA2BFFEF78000BCB54 /* PBXTargetDependency */ = {
			isa = PBXTargetDependency;
			target = 233692972BFFEF77000BCB54 /* BetterRest */;
			targetProxy = 233692A92BFFEF78000BCB54 /* PBXContainerItemProxy */;
		};
		233692B42BFFEF78000BCB54 /* PBXTargetDependency */ = {
			isa = PBXTargetDependency;
			target = 233692972BFFEF77000BCB54 /* BetterRest */;
			targetProxy = 233692B32BFFEF78000BCB54 /* PBXContainerItemProxy */;
		};
/* End PBXTargetDependency section */

/* Begin XCBuildConfiguration section */
		233692BA2BFFEF78000BCB54 /* Debug */ = {
			isa = XCBuildConfiguration;
			buildSettings = {
				ALWAYS_SEARCH_USER_PATHS = NO;
				ASSETCATALOG_COMPILER_GENERATE_SWIFT_ASSET_SYMBOL_EXTENSIONS = YES;
				CLANG_ANALYZER_NONNULL = YES;
				CLANG_ANALYZER_NUMBER_OBJECT_CONVERSION = YES_AGGRESSIVE;
				CLANG_CXX_LANGUAGE_STANDARD = "gnu++20";
				CLANG_ENABLE_MODULES = YES;
				CLANG_ENABLE_OBJC_ARC = YES;
				CLANG_ENABLE_OBJC_WEAK = YES;
				CLANG_WARN_BLOCK_CAPTURE_AUTORELEASING = YES;
				CLANG_WARN_BOOL_CONVERSION = YES;
				CLANG_WARN_COMMA = YES;
				CLANG_WARN_CONSTANT_CONVERSION = YES;
				CLANG_WARN_DEPRECATED_OBJC_IMPLEMENTATIONS = YES;
				CLANG_WARN_DIRECT_OBJC_ISA_USAGE = YES_ERROR;
				CLANG_WARN_DOCUMENTATION_COMMENTS = YES;
				CLANG_WARN_EMPTY_BODY = YES;
				CLANG_WARN_ENUM_CONVERSION = YES;
				CLANG_WARN_INFINITE_RECURSION = YES;
				CLANG_WARN_INT_CONVERSION = YES;
				CLANG_WARN_NON_LITERAL_NULL_CONVERSION = YES;
				CLANG_WARN_OBJC_IMPLICIT_RETAIN_SELF = YES;
				CLANG_WARN_OBJC_LITERAL_CONVERSION = YES;
				CLANG_WARN_OBJC_ROOT_CLASS = YES_ERROR;
				CLANG_WARN_QUOTED_INCLUDE_IN_FRAMEWORK_HEADER = YES;
				CLANG_WARN_RANGE_LOOP_ANALYSIS = YES;
				CLANG_WARN_STRICT_PROTOTYPES = YES;
				CLANG_WARN_SUSPICIOUS_MOVE = YES;
				CLANG_WARN_UNGUARDED_AVAILABILITY = YES_AGGRESSIVE;
				CLANG_WARN_UNREACHABLE_CODE = YES;
				CLANG_WARN__DUPLICATE_METHOD_MATCH = YES;
				COPY_PHASE_STRIP = NO;
				DEBUG_INFORMATION_FORMAT = dwarf;
				ENABLE_STRICT_OBJC_MSGSEND = YES;
				ENABLE_TESTABILITY = YES;
				ENABLE_USER_SCRIPT_SANDBOXING = YES;
				GCC_C_LANGUAGE_STANDARD = gnu17;
				GCC_DYNAMIC_NO_PIC = NO;
				GCC_NO_COMMON_BLOCKS = YES;
				GCC_OPTIMIZATION_LEVEL = 0;
				GCC_PREPROCESSOR_DEFINITIONS = (
					"DEBUG=1",
					"$(inherited)",
				);
				GCC_WARN_64_TO_32_BIT_CONVERSION = YES;
				GCC_WARN_ABOUT_RETURN_TYPE = YES_ERROR;
				GCC_WARN_UNDECLARED_SELECTOR = YES;
				GCC_WARN_UNINITIALIZED_AUTOS = YES_AGGRESSIVE;
				GCC_WARN_UNUSED_FUNCTION = YES;
				GCC_WARN_UNUSED_VARIABLE = YES;
				IPHONEOS_DEPLOYMENT_TARGET = 17.0;
				LOCALIZATION_PREFERS_STRING_CATALOGS = YES;
				MTL_ENABLE_DEBUG_INFO = INCLUDE_SOURCE;
				MTL_FAST_MATH = YES;
				ONLY_ACTIVE_ARCH = YES;
				SDKROOT = iphoneos;
				SWIFT_ACTIVE_COMPILATION_CONDITIONS = "DEBUG $(inherited)";
				SWIFT_OPTIMIZATION_LEVEL = "-Onone";
			};
			name = Debug;
		};
		233692BB2BFFEF78000BCB54 /* Release */ = {
			isa = XCBuildConfiguration;
			buildSettings = {
				ALWAYS_SEARCH_USER_PATHS = NO;
				ASSETCATALOG_COMPILER_GENERATE_SWIFT_ASSET_SYMBOL_EXTENSIONS = YES;
				CLANG_ANALYZER_NONNULL = YES;
				CLANG_ANALYZER_NUMBER_OBJECT_CONVERSION = YES_AGGRESSIVE;
				CLANG_CXX_LANGUAGE_STANDARD = "gnu++20";
				CLANG_ENABLE_MODULES = YES;
				CLANG_ENABLE_OBJC_ARC = YES;
				CLANG_ENABLE_OBJC_WEAK = YES;
				CLANG_WARN_BLOCK_CAPTURE_AUTORELEASING = YES;
				CLANG_WARN_BOOL_CONVERSION = YES;
				CLANG_WARN_COMMA = YES;
				CLANG_WARN_CONSTANT_CONVERSION = YES;
				CLANG_WARN_DEPRECATED_OBJC_IMPLEMENTATIONS = YES;
				CLANG_WARN_DIRECT_OBJC_ISA_USAGE = YES_ERROR;
				CLANG_WARN_DOCUMENTATION_COMMENTS = YES;
				CLANG_WARN_EMPTY_BODY = YES;
				CLANG_WARN_ENUM_CONVERSION = YES;
				CLANG_WARN_INFINITE_RECURSION = YES;
				CLANG_WARN_INT_CONVERSION = YES;
				CLANG_WARN_NON_LITERAL_NULL_CONVERSION = YES;
				CLANG_WARN_OBJC_IMPLICIT_RETAIN_SELF = YES;
				CLANG_WARN_OBJC_LITERAL_CONVERSION = YES;
				CLANG_WARN_OBJC_ROOT_CLASS = YES_ERROR;
				CLANG_WARN_QUOTED_INCLUDE_IN_FRAMEWORK_HEADER = YES;
				CLANG_WARN_RANGE_LOOP_ANALYSIS = YES;
				CLANG_WARN_STRICT_PROTOTYPES = YES;
				CLANG_WARN_SUSPICIOUS_MOVE = YES;
				CLANG_WARN_UNGUARDED_AVAILABILITY = YES_AGGRESSIVE;
				CLANG_WARN_UNREACHABLE_CODE = YES;
				CLANG_WARN__DUPLICATE_METHOD_MATCH = YES;
				COPY_PHASE_STRIP = NO;
				DEBUG_INFORMATION_FORMAT = "dwarf-with-dsym";
				ENABLE_NS_ASSERTIONS = NO;
				ENABLE_STRICT_OBJC_MSGSEND = YES;
				ENABLE_USER_SCRIPT_SANDBOXING = YES;
				GCC_C_LANGUAGE_STANDARD = gnu17;
				GCC_NO_COMMON_BLOCKS = YES;
				GCC_WARN_64_TO_32_BIT_CONVERSION = YES;
				GCC_WARN_ABOUT_RETURN_TYPE = YES_ERROR;
				GCC_WARN_UNDECLARED_SELECTOR = YES;
				GCC_WARN_UNINITIALIZED_AUTOS = YES_AGGRESSIVE;
				GCC_WARN_UNUSED_FUNCTION = YES;
				GCC_WARN_UNUSED_VARIABLE = YES;
				IPHONEOS_DEPLOYMENT_TARGET = 17.0;
				LOCALIZATION_PREFERS_STRING_CATALOGS = YES;
				MTL_ENABLE_DEBUG_INFO = NO;
				MTL_FAST_MATH = YES;
				SDKROOT = iphoneos;
				SWIFT_COMPILATION_MODE = wholemodule;
				VALIDATE_PRODUCT = YES;
			};
			name = Release;
		};
		233692BD2BFFEF78000BCB54 /* Debug */ = {
			isa = XCBuildConfiguration;
			buildSettings = {
				ASSETCATALOG_COMPILER_APPICON_NAME = AppIcon;
				ASSETCATALOG_COMPILER_GLOBAL_ACCENT_COLOR_NAME = AccentColor;
				CODE_SIGN_STYLE = Automatic;
				CURRENT_PROJECT_VERSION = 1;
				DEVELOPMENT_ASSET_PATHS = "\"BetterRest/Preview Content\"";
				ENABLE_PREVIEWS = YES;
				GENERATE_INFOPLIST_FILE = YES;
				INFOPLIST_KEY_UIApplicationSceneManifest_Generation = YES;
				INFOPLIST_KEY_UIApplicationSupportsIndirectInputEvents = YES;
				INFOPLIST_KEY_UILaunchScreen_Generation = YES;
				INFOPLIST_KEY_UISupportedInterfaceOrientations_iPad = "UIInterfaceOrientationPortrait UIInterfaceOrientationPortraitUpsideDown UIInterfaceOrientationLandscapeLeft UIInterfaceOrientationLandscapeRight";
				INFOPLIST_KEY_UISupportedInterfaceOrientations_iPhone = "UIInterfaceOrientationPortrait UIInterfaceOrientationLandscapeLeft UIInterfaceOrientationLandscapeRight";
				LD_RUNPATH_SEARCH_PATHS = (
					"$(inherited)",
					"@executable_path/Frameworks",
				);
				MARKETING_VERSION = 1.0;
				PRODUCT_BUNDLE_IDENTIFIER = me.rachel.wang.BetterRest;
				PRODUCT_NAME = "$(TARGET_NAME)";
				SWIFT_EMIT_LOC_STRINGS = YES;
				SWIFT_VERSION = 5.0;
				TARGETED_DEVICE_FAMILY = "1,2";
			};
			name = Debug;
		};
		233692BE2BFFEF78000BCB54 /* Release */ = {
			isa = XCBuildConfiguration;
			buildSettings = {
				ASSETCATALOG_COMPILER_APPICON_NAME = AppIcon;
				ASSETCATALOG_COMPILER_GLOBAL_ACCENT_COLOR_NAME = AccentColor;
				CODE_SIGN_STYLE = Automatic;
				CURRENT_PROJECT_VERSION = 1;
				DEVELOPMENT_ASSET_PATHS = "\"BetterRest/Preview Content\"";
				ENABLE_PREVIEWS = YES;
				GENERATE_INFOPLIST_FILE = YES;
				INFOPLIST_KEY_UIApplicationSceneManifest_Generation = YES;
				INFOPLIST_KEY_UIApplicationSupportsIndirectInputEvents = YES;
				INFOPLIST_KEY_UILaunchScreen_Generation = YES;
				INFOPLIST_KEY_UISupportedInterfaceOrientations_iPad = "UIInterfaceOrientationPortrait UIInterfaceOrientationPortraitUpsideDown UIInterfaceOrientationLandscapeLeft UIInterfaceOrientationLandscapeRight";
				INFOPLIST_KEY_UISupportedInterfaceOrientations_iPhone = "UIInterfaceOrientationPortrait UIInterfaceOrientationLandscapeLeft UIInterfaceOrientationLandscapeRight";
				LD_RUNPATH_SEARCH_PATHS = (
					"$(inherited)",
					"@executable_path/Frameworks",
				);
				MARKETING_VERSION = 1.0;
				PRODUCT_BUNDLE_IDENTIFIER = me.rachel.wang.BetterRest;
				PRODUCT_NAME = "$(TARGET_NAME)";
				SWIFT_EMIT_LOC_STRINGS = YES;
				SWIFT_VERSION = 5.0;
				TARGETED_DEVICE_FAMILY = "1,2";
			};
			name = Release;
		};
		233692C02BFFEF78000BCB54 /* Debug */ = {
			isa = XCBuildConfiguration;
			buildSettings = {
				ALWAYS_EMBED_SWIFT_STANDARD_LIBRARIES = YES;
				BUNDLE_LOADER = "$(TEST_HOST)";
				CODE_SIGN_STYLE = Automatic;
				CURRENT_PROJECT_VERSION = 1;
				GENERATE_INFOPLIST_FILE = YES;
				IPHONEOS_DEPLOYMENT_TARGET = 17.0;
				MARKETING_VERSION = 1.0;
				PRODUCT_BUNDLE_IDENTIFIER = me.rachel.wang.BetterRestTests;
				PRODUCT_NAME = "$(TARGET_NAME)";
				SWIFT_EMIT_LOC_STRINGS = NO;
				SWIFT_VERSION = 5.0;
				TARGETED_DEVICE_FAMILY = "1,2";
				TEST_HOST = "$(BUILT_PRODUCTS_DIR)/BetterRest.app/$(BUNDLE_EXECUTABLE_FOLDER_PATH)/BetterRest";
			};
			name = Debug;
		};
		233692C12BFFEF78000BCB54 /* Release */ = {
			isa = XCBuildConfiguration;
			buildSettings = {
				ALWAYS_EMBED_SWIFT_STANDARD_LIBRARIES = YES;
				BUNDLE_LOADER = "$(TEST_HOST)";
				CODE_SIGN_STYLE = Automatic;
				CURRENT_PROJECT_VERSION = 1;
				GENERATE_INFOPLIST_FILE = YES;
				IPHONEOS_DEPLOYMENT_TARGET = 17.0;
				MARKETING_VERSION = 1.0;
				PRODUCT_BUNDLE_IDENTIFIER = me.rachel.wang.BetterRestTests;
				PRODUCT_NAME = "$(TARGET_NAME)";
				SWIFT_EMIT_LOC_STRINGS = NO;
				SWIFT_VERSION = 5.0;
				TARGETED_DEVICE_FAMILY = "1,2";
				TEST_HOST = "$(BUILT_PRODUCTS_DIR)/BetterRest.app/$(BUNDLE_EXECUTABLE_FOLDER_PATH)/BetterRest";
			};
			name = Release;
		};
		233692C32BFFEF78000BCB54 /* Debug */ = {
			isa = XCBuildConfiguration;
			buildSettings = {
				ALWAYS_EMBED_SWIFT_STANDARD_LIBRARIES = YES;
				CODE_SIGN_STYLE = Automatic;
				CURRENT_PROJECT_VERSION = 1;
				GENERATE_INFOPLIST_FILE = YES;
				MARKETING_VERSION = 1.0;
				PRODUCT_BUNDLE_IDENTIFIER = me.rachel.wang.BetterRestUITests;
				PRODUCT_NAME = "$(TARGET_NAME)";
				SWIFT_EMIT_LOC_STRINGS = NO;
				SWIFT_VERSION = 5.0;
				TARGETED_DEVICE_FAMILY = "1,2";
				TEST_TARGET_NAME = BetterRest;
			};
			name = Debug;
		};
		233692C42BFFEF78000BCB54 /* Release */ = {
			isa = XCBuildConfiguration;
			buildSettings = {
				ALWAYS_EMBED_SWIFT_STANDARD_LIBRARIES = YES;
				CODE_SIGN_STYLE = Automatic;
				CURRENT_PROJECT_VERSION = 1;
				GENERATE_INFOPLIST_FILE = YES;
				MARKETING_VERSION = 1.0;
				PRODUCT_BUNDLE_IDENTIFIER = me.rachel.wang.BetterRestUITests;
				PRODUCT_NAME = "$(TARGET_NAME)";
				SWIFT_EMIT_LOC_STRINGS = NO;
				SWIFT_VERSION = 5.0;
				TARGETED_DEVICE_FAMILY = "1,2";
				TEST_TARGET_NAME = BetterRest;
			};
			name = Release;
		};
/* End XCBuildConfiguration section */

/* Begin XCConfigurationList section */
		233692932BFFEF77000BCB54 /* Build configuration list for PBXProject "BetterRest" */ = {
			isa = XCConfigurationList;
			buildConfigurations = (
				233692BA2BFFEF78000BCB54 /* Debug */,
				233692BB2BFFEF78000BCB54 /* Release */,
			);
			defaultConfigurationIsVisible = 0;
			defaultConfigurationName = Release;
		};
		233692BC2BFFEF78000BCB54 /* Build configuration list for PBXNativeTarget "BetterRest" */ = {
			isa = XCConfigurationList;
			buildConfigurations = (
				233692BD2BFFEF78000BCB54 /* Debug */,
				233692BE2BFFEF78000BCB54 /* Release */,
			);
			defaultConfigurationIsVisible = 0;
			defaultConfigurationName = Release;
		};
		233692BF2BFFEF78000BCB54 /* Build configuration list for PBXNativeTarget "BetterRestTests" */ = {
			isa = XCConfigurationList;
			buildConfigurations = (
				233692C02BFFEF78000BCB54 /* Debug */,
				233692C12BFFEF78000BCB54 /* Release */,
			);
			defaultConfigurationIsVisible = 0;
			defaultConfigurationName = Release;
		};
		233692C22BFFEF78000BCB54 /* Build configuration list for PBXNativeTarget "BetterRestUITests" */ = {
			isa = XCConfigurationList;
			buildConfigurations = (
				233692C32BFFEF78000BCB54 /* Debug */,
				233692C42BFFEF78000BCB54 /* Release */,
			);
			defaultConfigurationIsVisible = 0;
			defaultConfigurationName = Release;
		};
/* End XCConfigurationList section */
	};
	rootObject = 233692902BFFEF77000BCB54 /* Project object */;
}
